PODS:
  - Kingfisher (3.5.2)
  - Whirligig (0.0.2):
    - Kingfisher (~> 3.5.2)

DEPENDENCIES:
  - Whirligig

SPEC CHECKSUMS:
  Kingfisher: 9950e382c500b6834ce004c7c4131c444e90c3a1
  Whirligig: 7866b2a192b762a78850f0f5c9d05f42ffafc68a

PODFILE CHECKSUM: 79250fb7e3dbb1d220af2d3d864a73c5f5fab059

COCOAPODS: 1.2.1
